
Microsoft Visual Studio Solution File, Format Version 12.00
# Visual Studio Version 17
Project("{2150E333-8FDC-42A3-9474-1A3956D46DE8}") = "CMakePredefinedTargets", "CMakePredefinedTargets", "{445EB4A8-3EDF-38B5-A2A6-DB0A076C0BDB}"
EndProject
Project("{2150E333-8FDC-42A3-9474-1A3956D46DE8}") = "Vendor", "Vendor", "{09E6E3C7-6BB2-3438-A1B8-A2C3FE1F7A27}"
EndProject
Project("{2150E333-8FDC-42A3-9474-1A3956D46DE8}") = "GLAD", "Vendor\GLAD", "{D466EA72-C37F-3C98-B308-1EF0A6C1CC3F}"
EndProject
Project("{2150E333-8FDC-42A3-9474-1A3956D46DE8}") = "GLFW", "Vendor\GLFW", "{43581631-5DC8-39F8-BDA1-6E9A57971643}"
EndProject
Project("{2150E333-8FDC-42A3-9474-1A3956D46DE8}") = "IMGUI", "Vendor\IMGUI", "{3AA2B05D-A6B9-33C2-BE53-474CA53080FA}"
EndProject
Project("{8BC9CEB8-8B4A-11D0-8D11-00A0C91BC942}") = "ALL_BUILD", "ALL_BUILD.vcxproj", "{312F9B8D-8D68-375C-B83C-26C90BF1C832}"
	ProjectSection(ProjectDependencies) = postProject
		{826F4A0E-0B4B-318A-8814-F2325D70FDF6} = {826F4A0E-0B4B-318A-8814-F2325D70FDF6}
		{4FDA0A9F-9B67-37F0-9B37-8831F194A10F} = {4FDA0A9F-9B67-37F0-9B37-8831F194A10F}
		{5130EA7B-5EDE-3822-842C-BFAB7BDED05A} = {5130EA7B-5EDE-3822-842C-BFAB7BDED05A}
		{76ABB438-1C2B-358B-971F-4550B48D18C1} = {76ABB438-1C2B-358B-971F-4550B48D18C1}
		{542FF128-8356-3411-B8A4-25DF4080F07B} = {542FF128-8356-3411-B8A4-25DF4080F07B}
		{29228372-1D6F-39EE-B31A-8DC194378176} = {29228372-1D6F-39EE-B31A-8DC194378176}
	EndProjectSection
EndProject
Project("{8BC9CEB8-8B4A-11D0-8D11-00A0C91BC942}") = "Application", "GameLayer\Application.vcxproj", "{826F4A0E-0B4B-318A-8814-F2325D70FDF6}"
	ProjectSection(ProjectDependencies) = postProject
		{4FDA0A9F-9B67-37F0-9B37-8831F194A10F} = {4FDA0A9F-9B67-37F0-9B37-8831F194A10F}
		{5130EA7B-5EDE-3822-842C-BFAB7BDED05A} = {5130EA7B-5EDE-3822-842C-BFAB7BDED05A}
	EndProjectSection
EndProject
Project("{8BC9CEB8-8B4A-11D0-8D11-00A0C91BC942}") = "RealEngine", "RealEngine\RealEngine.vcxproj", "{4FDA0A9F-9B67-37F0-9B37-8831F194A10F}"
	ProjectSection(ProjectDependencies) = postProject
		{5130EA7B-5EDE-3822-842C-BFAB7BDED05A} = {5130EA7B-5EDE-3822-842C-BFAB7BDED05A}
		{76ABB438-1C2B-358B-971F-4550B48D18C1} = {76ABB438-1C2B-358B-971F-4550B48D18C1}
		{542FF128-8356-3411-B8A4-25DF4080F07B} = {542FF128-8356-3411-B8A4-25DF4080F07B}
		{29228372-1D6F-39EE-B31A-8DC194378176} = {29228372-1D6F-39EE-B31A-8DC194378176}
	EndProjectSection
EndProject
Project("{8BC9CEB8-8B4A-11D0-8D11-00A0C91BC942}") = "ZERO_CHECK", "ZERO_CHECK.vcxproj", "{5130EA7B-5EDE-3822-842C-BFAB7BDED05A}"
	ProjectSection(ProjectDependencies) = postProject
	EndProjectSection
EndProject
Project("{8BC9CEB8-8B4A-11D0-8D11-00A0C91BC942}") = "glad", "RealEngine\glad.vcxproj", "{76ABB438-1C2B-358B-971F-4550B48D18C1}"
	ProjectSection(ProjectDependencies) = postProject
		{5130EA7B-5EDE-3822-842C-BFAB7BDED05A} = {5130EA7B-5EDE-3822-842C-BFAB7BDED05A}
	EndProjectSection
EndProject
Project("{8BC9CEB8-8B4A-11D0-8D11-00A0C91BC942}") = "glfw", "RealEngine\vendor\GLFW\src\glfw.vcxproj", "{542FF128-8356-3411-B8A4-25DF4080F07B}"
	ProjectSection(ProjectDependencies) = postProject
		{5130EA7B-5EDE-3822-842C-BFAB7BDED05A} = {5130EA7B-5EDE-3822-842C-BFAB7BDED05A}
	EndProjectSection
EndProject
Project("{8BC9CEB8-8B4A-11D0-8D11-00A0C91BC942}") = "imgui", "RealEngine\vendor\IMGUI\imgui.vcxproj", "{29228372-1D6F-39EE-B31A-8DC194378176}"
	ProjectSection(ProjectDependencies) = postProject
		{5130EA7B-5EDE-3822-842C-BFAB7BDED05A} = {5130EA7B-5EDE-3822-842C-BFAB7BDED05A}
	EndProjectSection
EndProject
Project("{8BC9CEB8-8B4A-11D0-8D11-00A0C91BC942}") = "update_mappings", "RealEngine\vendor\GLFW\src\update_mappings.vcxproj", "{2AC6EDD5-5406-33F5-8ED8-75EB8F73FF06}"
	ProjectSection(ProjectDependencies) = postProject
		{5130EA7B-5EDE-3822-842C-BFAB7BDED05A} = {5130EA7B-5EDE-3822-842C-BFAB7BDED05A}
	EndProjectSection
EndProject
Global
	GlobalSection(SolutionConfigurationPlatforms) = preSolution
		Debug|x64 = Debug|x64
		Release|x64 = Release|x64
		MinSizeRel|x64 = MinSizeRel|x64
		RelWithDebInfo|x64 = RelWithDebInfo|x64
	EndGlobalSection
	GlobalSection(ProjectConfigurationPlatforms) = postSolution
		{312F9B8D-8D68-375C-B83C-26C90BF1C832}.Debug|x64.ActiveCfg = Debug|x64
		{312F9B8D-8D68-375C-B83C-26C90BF1C832}.Release|x64.ActiveCfg = Release|x64
		{312F9B8D-8D68-375C-B83C-26C90BF1C832}.MinSizeRel|x64.ActiveCfg = MinSizeRel|x64
		{312F9B8D-8D68-375C-B83C-26C90BF1C832}.RelWithDebInfo|x64.ActiveCfg = RelWithDebInfo|x64
		{826F4A0E-0B4B-318A-8814-F2325D70FDF6}.Debug|x64.ActiveCfg = Debug|x64
		{826F4A0E-0B4B-318A-8814-F2325D70FDF6}.Debug|x64.Build.0 = Debug|x64
		{826F4A0E-0B4B-318A-8814-F2325D70FDF6}.Release|x64.ActiveCfg = Release|x64
		{826F4A0E-0B4B-318A-8814-F2325D70FDF6}.Release|x64.Build.0 = Release|x64
		{826F4A0E-0B4B-318A-8814-F2325D70FDF6}.MinSizeRel|x64.ActiveCfg = MinSizeRel|x64
		{826F4A0E-0B4B-318A-8814-F2325D70FDF6}.MinSizeRel|x64.Build.0 = MinSizeRel|x64
		{826F4A0E-0B4B-318A-8814-F2325D70FDF6}.RelWithDebInfo|x64.ActiveCfg = RelWithDebInfo|x64
		{826F4A0E-0B4B-318A-8814-F2325D70FDF6}.RelWithDebInfo|x64.Build.0 = RelWithDebInfo|x64
		{4FDA0A9F-9B67-37F0-9B37-8831F194A10F}.Debug|x64.ActiveCfg = Debug|x64
		{4FDA0A9F-9B67-37F0-9B37-8831F194A10F}.Debug|x64.Build.0 = Debug|x64
		{4FDA0A9F-9B67-37F0-9B37-8831F194A10F}.Release|x64.ActiveCfg = Release|x64
		{4FDA0A9F-9B67-37F0-9B37-8831F194A10F}.Release|x64.Build.0 = Release|x64
		{4FDA0A9F-9B67-37F0-9B37-8831F194A10F}.MinSizeRel|x64.ActiveCfg = MinSizeRel|x64
		{4FDA0A9F-9B67-37F0-9B37-8831F194A10F}.MinSizeRel|x64.Build.0 = MinSizeRel|x64
		{4FDA0A9F-9B67-37F0-9B37-8831F194A10F}.RelWithDebInfo|x64.ActiveCfg = RelWithDebInfo|x64
		{4FDA0A9F-9B67-37F0-9B37-8831F194A10F}.RelWithDebInfo|x64.Build.0 = RelWithDebInfo|x64
		{5130EA7B-5EDE-3822-842C-BFAB7BDED05A}.Debug|x64.ActiveCfg = Debug|x64
		{5130EA7B-5EDE-3822-842C-BFAB7BDED05A}.Debug|x64.Build.0 = Debug|x64
		{5130EA7B-5EDE-3822-842C-BFAB7BDED05A}.Release|x64.ActiveCfg = Release|x64
		{5130EA7B-5EDE-3822-842C-BFAB7BDED05A}.Release|x64.Build.0 = Release|x64
		{5130EA7B-5EDE-3822-842C-BFAB7BDED05A}.MinSizeRel|x64.ActiveCfg = MinSizeRel|x64
		{5130EA7B-5EDE-3822-842C-BFAB7BDED05A}.MinSizeRel|x64.Build.0 = MinSizeRel|x64
		{5130EA7B-5EDE-3822-842C-BFAB7BDED05A}.RelWithDebInfo|x64.ActiveCfg = RelWithDebInfo|x64
		{5130EA7B-5EDE-3822-842C-BFAB7BDED05A}.RelWithDebInfo|x64.Build.0 = RelWithDebInfo|x64
		{76ABB438-1C2B-358B-971F-4550B48D18C1}.Debug|x64.ActiveCfg = Debug|x64
		{76ABB438-1C2B-358B-971F-4550B48D18C1}.Debug|x64.Build.0 = Debug|x64
		{76ABB438-1C2B-358B-971F-4550B48D18C1}.Release|x64.ActiveCfg = Release|x64
		{76ABB438-1C2B-358B-971F-4550B48D18C1}.Release|x64.Build.0 = Release|x64
		{76ABB438-1C2B-358B-971F-4550B48D18C1}.MinSizeRel|x64.ActiveCfg = MinSizeRel|x64
		{76ABB438-1C2B-358B-971F-4550B48D18C1}.MinSizeRel|x64.Build.0 = MinSizeRel|x64
		{76ABB438-1C2B-358B-971F-4550B48D18C1}.RelWithDebInfo|x64.ActiveCfg = RelWithDebInfo|x64
		{76ABB438-1C2B-358B-971F-4550B48D18C1}.RelWithDebInfo|x64.Build.0 = RelWithDebInfo|x64
		{542FF128-8356-3411-B8A4-25DF4080F07B}.Debug|x64.ActiveCfg = Debug|x64
		{542FF128-8356-3411-B8A4-25DF4080F07B}.Debug|x64.Build.0 = Debug|x64
		{542FF128-8356-3411-B8A4-25DF4080F07B}.Release|x64.ActiveCfg = Release|x64
		{542FF128-8356-3411-B8A4-25DF4080F07B}.Release|x64.Build.0 = Release|x64
		{542FF128-8356-3411-B8A4-25DF4080F07B}.MinSizeRel|x64.ActiveCfg = MinSizeRel|x64
		{542FF128-8356-3411-B8A4-25DF4080F07B}.MinSizeRel|x64.Build.0 = MinSizeRel|x64
		{542FF128-8356-3411-B8A4-25DF4080F07B}.RelWithDebInfo|x64.ActiveCfg = RelWithDebInfo|x64
		{542FF128-8356-3411-B8A4-25DF4080F07B}.RelWithDebInfo|x64.Build.0 = RelWithDebInfo|x64
		{29228372-1D6F-39EE-B31A-8DC194378176}.Debug|x64.ActiveCfg = Debug|x64
		{29228372-1D6F-39EE-B31A-8DC194378176}.Debug|x64.Build.0 = Debug|x64
		{29228372-1D6F-39EE-B31A-8DC194378176}.Release|x64.ActiveCfg = Release|x64
		{29228372-1D6F-39EE-B31A-8DC194378176}.Release|x64.Build.0 = Release|x64
		{29228372-1D6F-39EE-B31A-8DC194378176}.MinSizeRel|x64.ActiveCfg = MinSizeRel|x64
		{29228372-1D6F-39EE-B31A-8DC194378176}.MinSizeRel|x64.Build.0 = MinSizeRel|x64
		{29228372-1D6F-39EE-B31A-8DC194378176}.RelWithDebInfo|x64.ActiveCfg = RelWithDebInfo|x64
		{29228372-1D6F-39EE-B31A-8DC194378176}.RelWithDebInfo|x64.Build.0 = RelWithDebInfo|x64
		{2AC6EDD5-5406-33F5-8ED8-75EB8F73FF06}.Debug|x64.ActiveCfg = Debug|x64
		{2AC6EDD5-5406-33F5-8ED8-75EB8F73FF06}.Release|x64.ActiveCfg = Release|x64
		{2AC6EDD5-5406-33F5-8ED8-75EB8F73FF06}.MinSizeRel|x64.ActiveCfg = MinSizeRel|x64
		{2AC6EDD5-5406-33F5-8ED8-75EB8F73FF06}.RelWithDebInfo|x64.ActiveCfg = RelWithDebInfo|x64
	EndGlobalSection
	GlobalSection(NestedProjects) = preSolution
		{312F9B8D-8D68-375C-B83C-26C90BF1C832} = {445EB4A8-3EDF-38B5-A2A6-DB0A076C0BDB}
		{5130EA7B-5EDE-3822-842C-BFAB7BDED05A} = {445EB4A8-3EDF-38B5-A2A6-DB0A076C0BDB}
		{D466EA72-C37F-3C98-B308-1EF0A6C1CC3F} = {09E6E3C7-6BB2-3438-A1B8-A2C3FE1F7A27}
		{43581631-5DC8-39F8-BDA1-6E9A57971643} = {09E6E3C7-6BB2-3438-A1B8-A2C3FE1F7A27}
		{3AA2B05D-A6B9-33C2-BE53-474CA53080FA} = {09E6E3C7-6BB2-3438-A1B8-A2C3FE1F7A27}
		{76ABB438-1C2B-358B-971F-4550B48D18C1} = {D466EA72-C37F-3C98-B308-1EF0A6C1CC3F}
		{542FF128-8356-3411-B8A4-25DF4080F07B} = {43581631-5DC8-39F8-BDA1-6E9A57971643}
		{2AC6EDD5-5406-33F5-8ED8-75EB8F73FF06} = {43581631-5DC8-39F8-BDA1-6E9A57971643}
		{29228372-1D6F-39EE-B31A-8DC194378176} = {3AA2B05D-A6B9-33C2-BE53-474CA53080FA}
	EndGlobalSection
	GlobalSection(ExtensibilityGlobals) = postSolution
		SolutionGuid = {CE9681D4-4BC8-3AED-9D09-03292672B7EB}
	EndGlobalSection
	GlobalSection(ExtensibilityAddIns) = postSolution
	EndGlobalSection
EndGlobal
