
Microsoft Visual Studio Solution File, Format Version 12.00
# Visual Studio Version 17
Project("{2150E333-8FDC-42A3-9474-1A3956D46DE8}") = "CMakePredefinedTargets", "CMakePredefinedTargets", "{6F6612F4-8CA3-3A4B-807F-B9D77435CEF6}"
EndProject
Project("{2150E333-8FDC-42A3-9474-1A3956D46DE8}") = "Vendor", "Vendor", "{D4490EE2-9B36-30C8-8274-540755741111}"
EndProject
Project("{2150E333-8FDC-42A3-9474-1A3956D46DE8}") = "GLAD", "Vendor\GLAD", "{71E41C56-CCE6-368B-B5E7-184F304C3C03}"
EndProject
Project("{2150E333-8FDC-42A3-9474-1A3956D46DE8}") = "GLFW", "Vendor\GLFW", "{261EB5FA-ECE3-3541-9C24-9D84E5F05A3F}"
EndProject
Project("{8BC9CEB8-8B4A-11D0-8D11-00A0C91BC942}") = "ALL_BUILD", "ALL_BUILD.vcxproj", "{59605B09-E0CB-37DC-93F4-BB53D965E83B}"
	ProjectSection(ProjectDependencies) = postProject
		{276E8056-3FB1-3F94-8794-D29354D2E061} = {276E8056-3FB1-3F94-8794-D29354D2E061}
		{22DC2AB9-B261-3D7C-946A-47CA45807F35} = {22DC2AB9-B261-3D7C-946A-47CA45807F35}
		{3DE7B457-BC04-3F18-B45F-227C4C698B1C} = {3DE7B457-BC04-3F18-B45F-227C4C698B1C}
		{6F50D8C5-C5B9-3FFC-86EB-285512403C04} = {6F50D8C5-C5B9-3FFC-86EB-285512403C04}
		{76D3DCAD-7786-3FEA-BE97-B721728EBFD1} = {76D3DCAD-7786-3FEA-BE97-B721728EBFD1}
	EndProjectSection
EndProject
Project("{8BC9CEB8-8B4A-11D0-8D11-00A0C91BC942}") = "Application", "GameLayer\Application.vcxproj", "{276E8056-3FB1-3F94-8794-D29354D2E061}"
	ProjectSection(ProjectDependencies) = postProject
		{22DC2AB9-B261-3D7C-946A-47CA45807F35} = {22DC2AB9-B261-3D7C-946A-47CA45807F35}
		{3DE7B457-BC04-3F18-B45F-227C4C698B1C} = {3DE7B457-BC04-3F18-B45F-227C4C698B1C}
	EndProjectSection
EndProject
Project("{8BC9CEB8-8B4A-11D0-8D11-00A0C91BC942}") = "RealEngine", "RealEngine\RealEngine.vcxproj", "{22DC2AB9-B261-3D7C-946A-47CA45807F35}"
	ProjectSection(ProjectDependencies) = postProject
		{3DE7B457-BC04-3F18-B45F-227C4C698B1C} = {3DE7B457-BC04-3F18-B45F-227C4C698B1C}
		{6F50D8C5-C5B9-3FFC-86EB-285512403C04} = {6F50D8C5-C5B9-3FFC-86EB-285512403C04}
		{76D3DCAD-7786-3FEA-BE97-B721728EBFD1} = {76D3DCAD-7786-3FEA-BE97-B721728EBFD1}
	EndProjectSection
EndProject
Project("{8BC9CEB8-8B4A-11D0-8D11-00A0C91BC942}") = "ZERO_CHECK", "ZERO_CHECK.vcxproj", "{3DE7B457-BC04-3F18-B45F-227C4C698B1C}"
	ProjectSection(ProjectDependencies) = postProject
	EndProjectSection
EndProject
Project("{8BC9CEB8-8B4A-11D0-8D11-00A0C91BC942}") = "glad", "RealEngine\glad.vcxproj", "{6F50D8C5-C5B9-3FFC-86EB-285512403C04}"
	ProjectSection(ProjectDependencies) = postProject
		{3DE7B457-BC04-3F18-B45F-227C4C698B1C} = {3DE7B457-BC04-3F18-B45F-227C4C698B1C}
	EndProjectSection
EndProject
Project("{8BC9CEB8-8B4A-11D0-8D11-00A0C91BC942}") = "glfw", "RealEngine\vendor\GLFW\src\glfw.vcxproj", "{76D3DCAD-7786-3FEA-BE97-B721728EBFD1}"
	ProjectSection(ProjectDependencies) = postProject
		{3DE7B457-BC04-3F18-B45F-227C4C698B1C} = {3DE7B457-BC04-3F18-B45F-227C4C698B1C}
	EndProjectSection
EndProject
Project("{8BC9CEB8-8B4A-11D0-8D11-00A0C91BC942}") = "update_mappings", "RealEngine\vendor\GLFW\src\update_mappings.vcxproj", "{4DAAB631-6481-37CF-BA7E-A12A9F4F19F8}"
	ProjectSection(ProjectDependencies) = postProject
		{3DE7B457-BC04-3F18-B45F-227C4C698B1C} = {3DE7B457-BC04-3F18-B45F-227C4C698B1C}
	EndProjectSection
EndProject
Global
	GlobalSection(SolutionConfigurationPlatforms) = preSolution
		Debug|x64 = Debug|x64
		Release|x64 = Release|x64
		MinSizeRel|x64 = MinSizeRel|x64
		RelWithDebInfo|x64 = RelWithDebInfo|x64
	EndGlobalSection
	GlobalSection(ProjectConfigurationPlatforms) = postSolution
		{59605B09-E0CB-37DC-93F4-BB53D965E83B}.Debug|x64.ActiveCfg = Debug|x64
		{59605B09-E0CB-37DC-93F4-BB53D965E83B}.Release|x64.ActiveCfg = Release|x64
		{59605B09-E0CB-37DC-93F4-BB53D965E83B}.MinSizeRel|x64.ActiveCfg = MinSizeRel|x64
		{59605B09-E0CB-37DC-93F4-BB53D965E83B}.RelWithDebInfo|x64.ActiveCfg = RelWithDebInfo|x64
		{276E8056-3FB1-3F94-8794-D29354D2E061}.Debug|x64.ActiveCfg = Debug|x64
		{276E8056-3FB1-3F94-8794-D29354D2E061}.Debug|x64.Build.0 = Debug|x64
		{276E8056-3FB1-3F94-8794-D29354D2E061}.Release|x64.ActiveCfg = Release|x64
		{276E8056-3FB1-3F94-8794-D29354D2E061}.Release|x64.Build.0 = Release|x64
		{276E8056-3FB1-3F94-8794-D29354D2E061}.MinSizeRel|x64.ActiveCfg = MinSizeRel|x64
		{276E8056-3FB1-3F94-8794-D29354D2E061}.MinSizeRel|x64.Build.0 = MinSizeRel|x64
		{276E8056-3FB1-3F94-8794-D29354D2E061}.RelWithDebInfo|x64.ActiveCfg = RelWithDebInfo|x64
		{276E8056-3FB1-3F94-8794-D29354D2E061}.RelWithDebInfo|x64.Build.0 = RelWithDebInfo|x64
		{22DC2AB9-B261-3D7C-946A-47CA45807F35}.Debug|x64.ActiveCfg = Debug|x64
		{22DC2AB9-B261-3D7C-946A-47CA45807F35}.Debug|x64.Build.0 = Debug|x64
		{22DC2AB9-B261-3D7C-946A-47CA45807F35}.Release|x64.ActiveCfg = Release|x64
		{22DC2AB9-B261-3D7C-946A-47CA45807F35}.Release|x64.Build.0 = Release|x64
		{22DC2AB9-B261-3D7C-946A-47CA45807F35}.MinSizeRel|x64.ActiveCfg = MinSizeRel|x64
		{22DC2AB9-B261-3D7C-946A-47CA45807F35}.MinSizeRel|x64.Build.0 = MinSizeRel|x64
		{22DC2AB9-B261-3D7C-946A-47CA45807F35}.RelWithDebInfo|x64.ActiveCfg = RelWithDebInfo|x64
		{22DC2AB9-B261-3D7C-946A-47CA45807F35}.RelWithDebInfo|x64.Build.0 = RelWithDebInfo|x64
		{3DE7B457-BC04-3F18-B45F-227C4C698B1C}.Debug|x64.ActiveCfg = Debug|x64
		{3DE7B457-BC04-3F18-B45F-227C4C698B1C}.Debug|x64.Build.0 = Debug|x64
		{3DE7B457-BC04-3F18-B45F-227C4C698B1C}.Release|x64.ActiveCfg = Release|x64
		{3DE7B457-BC04-3F18-B45F-227C4C698B1C}.Release|x64.Build.0 = Release|x64
		{3DE7B457-BC04-3F18-B45F-227C4C698B1C}.MinSizeRel|x64.ActiveCfg = MinSizeRel|x64
		{3DE7B457-BC04-3F18-B45F-227C4C698B1C}.MinSizeRel|x64.Build.0 = MinSizeRel|x64
		{3DE7B457-BC04-3F18-B45F-227C4C698B1C}.RelWithDebInfo|x64.ActiveCfg = RelWithDebInfo|x64
		{3DE7B457-BC04-3F18-B45F-227C4C698B1C}.RelWithDebInfo|x64.Build.0 = RelWithDebInfo|x64
		{6F50D8C5-C5B9-3FFC-86EB-285512403C04}.Debug|x64.ActiveCfg = Debug|x64
		{6F50D8C5-C5B9-3FFC-86EB-285512403C04}.Debug|x64.Build.0 = Debug|x64
		{6F50D8C5-C5B9-3FFC-86EB-285512403C04}.Release|x64.ActiveCfg = Release|x64
		{6F50D8C5-C5B9-3FFC-86EB-285512403C04}.Release|x64.Build.0 = Release|x64
		{6F50D8C5-C5B9-3FFC-86EB-285512403C04}.MinSizeRel|x64.ActiveCfg = MinSizeRel|x64
		{6F50D8C5-C5B9-3FFC-86EB-285512403C04}.MinSizeRel|x64.Build.0 = MinSizeRel|x64
		{6F50D8C5-C5B9-3FFC-86EB-285512403C04}.RelWithDebInfo|x64.ActiveCfg = RelWithDebInfo|x64
		{6F50D8C5-C5B9-3FFC-86EB-285512403C04}.RelWithDebInfo|x64.Build.0 = RelWithDebInfo|x64
		{76D3DCAD-7786-3FEA-BE97-B721728EBFD1}.Debug|x64.ActiveCfg = Debug|x64
		{76D3DCAD-7786-3FEA-BE97-B721728EBFD1}.Debug|x64.Build.0 = Debug|x64
		{76D3DCAD-7786-3FEA-BE97-B721728EBFD1}.Release|x64.ActiveCfg = Release|x64
		{76D3DCAD-7786-3FEA-BE97-B721728EBFD1}.Release|x64.Build.0 = Release|x64
		{76D3DCAD-7786-3FEA-BE97-B721728EBFD1}.MinSizeRel|x64.ActiveCfg = MinSizeRel|x64
		{76D3DCAD-7786-3FEA-BE97-B721728EBFD1}.MinSizeRel|x64.Build.0 = MinSizeRel|x64
		{76D3DCAD-7786-3FEA-BE97-B721728EBFD1}.RelWithDebInfo|x64.ActiveCfg = RelWithDebInfo|x64
		{76D3DCAD-7786-3FEA-BE97-B721728EBFD1}.RelWithDebInfo|x64.Build.0 = RelWithDebInfo|x64
		{4DAAB631-6481-37CF-BA7E-A12A9F4F19F8}.Debug|x64.ActiveCfg = Debug|x64
		{4DAAB631-6481-37CF-BA7E-A12A9F4F19F8}.Release|x64.ActiveCfg = Release|x64
		{4DAAB631-6481-37CF-BA7E-A12A9F4F19F8}.MinSizeRel|x64.ActiveCfg = MinSizeRel|x64
		{4DAAB631-6481-37CF-BA7E-A12A9F4F19F8}.RelWithDebInfo|x64.ActiveCfg = RelWithDebInfo|x64
	EndGlobalSection
	GlobalSection(NestedProjects) = preSolution
		{59605B09-E0CB-37DC-93F4-BB53D965E83B} = {6F6612F4-8CA3-3A4B-807F-B9D77435CEF6}
		{3DE7B457-BC04-3F18-B45F-227C4C698B1C} = {6F6612F4-8CA3-3A4B-807F-B9D77435CEF6}
		{71E41C56-CCE6-368B-B5E7-184F304C3C03} = {D4490EE2-9B36-30C8-8274-540755741111}
		{261EB5FA-ECE3-3541-9C24-9D84E5F05A3F} = {D4490EE2-9B36-30C8-8274-540755741111}
		{6F50D8C5-C5B9-3FFC-86EB-285512403C04} = {71E41C56-CCE6-368B-B5E7-184F304C3C03}
		{76D3DCAD-7786-3FEA-BE97-B721728EBFD1} = {261EB5FA-ECE3-3541-9C24-9D84E5F05A3F}
		{4DAAB631-6481-37CF-BA7E-A12A9F4F19F8} = {261EB5FA-ECE3-3541-9C24-9D84E5F05A3F}
	EndGlobalSection
	GlobalSection(ExtensibilityGlobals) = postSolution
		SolutionGuid = {9F4A7A6F-11D1-348F-AD4B-B02334C36DDE}
	EndGlobalSection
	GlobalSection(ExtensibilityAddIns) = postSolution
	EndGlobalSection
EndGlobal
